// !$*UTF8*$!
{
	archiveVersion = 1;
	classes = {
	};
	objectVersion = 55;
	objects = {

/* Begin PBXBuildFile section */
		F8572C0928B5378A005FD2FB /* PryanikyTestApp.swift in Sources */ = {isa = PBXBuildFile; fileRef = F8572C0828B5378A005FD2FB /* PryanikyTestApp.swift */; };
		F8572C0D28B5378C005FD2FB /* Assets.xcassets in Resources */ = {isa = PBXBuildFile; fileRef = F8572C0C28B5378C005FD2FB /* Assets.xcassets */; };
		F8572C1028B5378C005FD2FB /* Preview Assets.xcassets in Resources */ = {isa = PBXBuildFile; fileRef = F8572C0F28B5378C005FD2FB /* Preview Assets.xcassets */; };
		F8572C1A28B538DC005FD2FB /* Pryaniky.swift in Sources */ = {isa = PBXBuildFile; fileRef = F8572C1928B538DC005FD2FB /* Pryaniky.swift */; };
		F8572C1E28B55FE5005FD2FB /* PryanikyVM.swift in Sources */ = {isa = PBXBuildFile; fileRef = F8572C1D28B55FE5005FD2FB /* PryanikyVM.swift */; };
		F8572C2028B564C0005FD2FB /* MainView.swift in Sources */ = {isa = PBXBuildFile; fileRef = F8572C1F28B564C0005FD2FB /* MainView.swift */; };
/* End PBXBuildFile section */

/* Begin PBXFileReference section */
		F8572C0528B5378A005FD2FB /* PryanikyTest.app */ = {isa = PBXFileReference; explicitFileType = wrapper.application; includeInIndex = 0; path = PryanikyTest.app; sourceTree = BUILT_PRODUCTS_DIR; };
		F8572C0828B5378A005FD2FB /* PryanikyTestApp.swift */ = {isa = PBXFileReference; lastKnownFileType = sourcecode.swift; path = PryanikyTestApp.swift; sourceTree = "<group>"; };
		F8572C0C28B5378C005FD2FB /* Assets.xcassets */ = {isa = PBXFileReference; lastKnownFileType = folder.assetcatalog; path = Assets.xcassets; sourceTree = "<group>"; };
		F8572C0F28B5378C005FD2FB /* Preview Assets.xcassets */ = {isa = PBXFileReference; lastKnownFileType = folder.assetcatalog; path = "Preview Assets.xcassets"; sourceTree = "<group>"; };
		F8572C1928B538DC005FD2FB /* Pryaniky.swift */ = {isa = PBXFileReference; lastKnownFileType = sourcecode.swift; path = Pryaniky.swift; sourceTree = "<group>"; };
		F8572C1D28B55FE5005FD2FB /* PryanikyVM.swift */ = {isa = PBXFileReference; lastKnownFileType = sourcecode.swift; path = PryanikyVM.swift; sourceTree = "<group>"; };
		F8572C1F28B564C0005FD2FB /* MainView.swift */ = {isa = PBXFileReference; lastKnownFileType = sourcecode.swift; path = MainView.swift; sourceTree = "<group>"; };
/* End PBXFileReference section */

/* Begin PBXFrameworksBuildPhase section */
		F8572C0228B5378A005FD2FB /* Frameworks */ = {
			isa = PBXFrameworksBuildPhase;
			buildActionMask = 2147483647;
			files = (
			);
			runOnlyForDeploymentPostprocessing = 0;
		};
/* End PBXFrameworksBuildPhase section */

/* Begin PBXGroup section */
		F8572BFC28B5378A005FD2FB = {
			isa = PBXGroup;
			children = (
				F8572C0728B5378A005FD2FB /* PryanikyTest */,
				F8572C0628B5378A005FD2FB /* Products */,
			);
			sourceTree = "<group>";
		};
		F8572C0628B5378A005FD2FB /* Products */ = {
			isa = PBXGroup;
			children = (
				F8572C0528B5378A005FD2FB /* PryanikyTest.app */,
			);
			name = Products;
			sourceTree = "<group>";
		};
		F8572C0728B5378A005FD2FB /* PryanikyTest */ = {
			isa = PBXGroup;
			children = (
				F8572C0828B5378A005FD2FB /* PryanikyTestApp.swift */,
				F8572C1628B53796005FD2FB /* Views */,
				F8572C1728B5379E005FD2FB /* ViewModels */,
				F8572C1828B537A6005FD2FB /* Models */,
				F8572C0C28B5378C005FD2FB /* Assets.xcassets */,
				F8572C0E28B5378C005FD2FB /* Preview Content */,
			);
			path = PryanikyTest;
			sourceTree = "<group>";
		};
		F8572C0E28B5378C005FD2FB /* Preview Content */ = {
			isa = PBXGroup;
			children = (
				F8572C0F28B5378C005FD2FB /* Preview Assets.xcassets */,
			);
			path = "Preview Content";
			sourceTree = "<group>";
		};
		F8572C1628B53796005FD2FB /* Views */ = {
			isa = PBXGroup;
			children = (
				F8572C1F28B564C0005FD2FB /* MainView.swift */,
			);
			path = Views;
			sourceTree = "<group>";
		};
		F8572C1728B5379E005FD2FB /* ViewModels */ = {
			isa = PBXGroup;
			children = (
				F8572C1D28B55FE5005FD2FB /* PryanikyVM.swift */,
			);
			path = ViewModels;
			sourceTree = "<group>";
		};
		F8572C1828B537A6005FD2FB /* Models */ = {
			isa = PBXGroup;
			children = (
				F8572C1928B538DC005FD2FB /* Pryaniky.swift */,
			);
			path = Models;
			sourceTree = "<group>";
		};
/* End PBXGroup section */

/* Begin PBXNativeTarget section */
		F8572C0428B5378A005FD2FB /* PryanikyTest */ = {
			isa = PBXNativeTarget;
			buildConfigurationList = F8572C1328B5378C005FD2FB /* Build configuration list for PBXNativeTarget "PryanikyTest" */;
			buildPhases = (
				F8572C0128B5378A005FD2FB /* Sources */,
				F8572C0228B5378A005FD2FB /* Frameworks */,
				F8572C0328B5378A005FD2FB /* Resources */,
			);
			buildRules = (
			);
			dependencies = (
			);
			name = PryanikyTest;
			productName = PryanikyTest;
			productReference = F8572C0528B5378A005FD2FB /* PryanikyTest.app */;
			productType = "com.apple.product-type.application";
		};
/* End PBXNativeTarget section */

/* Begin PBXProject section */
		F8572BFD28B5378A005FD2FB /* Project object */ = {
			isa = PBXProject;
			attributes = {
				BuildIndependentTargetsInParallel = 1;
				LastSwiftUpdateCheck = 1340;
				LastUpgradeCheck = 1340;
				TargetAttributes = {
					F8572C0428B5378A005FD2FB = {
						CreatedOnToolsVersion = 13.4.1;
					};
				};
			};
			buildConfigurationList = F8572C0028B5378A005FD2FB /* Build configuration list for PBXProject "PryanikyTest" */;
			compatibilityVersion = "Xcode 13.0";
			developmentRegion = en;
			hasScannedForEncodings = 0;
			knownRegions = (
				en,
				Base,
			);
			mainGroup = F8572BFC28B5378A005FD2FB;
			productRefGroup = F8572C0628B5378A005FD2FB /* Products */;
			projectDirPath = "";
			projectRoot = "";
			targets = (
				F8572C0428B5378A005FD2FB /* PryanikyTest */,
			);
		};
/* End PBXProject section */

/* Begin PBXResourcesBuildPhase section */
		F8572C0328B5378A005FD2FB /* Resources */ = {
			isa = PBXResourcesBuildPhase;
			buildActionMask = 2147483647;
			files = (
				F8572C1028B5378C005FD2FB /* Preview Assets.xcassets in Resources */,
				F8572C0D28B5378C005FD2FB /* Assets.xcassets in Resources */,
			);
			runOnlyForDeploymentPostprocessing = 0;
		};
/* End PBXResourcesBuildPhase section */

/* Begin PBXSourcesBuildPhase section */
		F8572C0128B5378A005FD2FB /* Sources */ = {
			isa = PBXSourcesBuildPhase;
			buildActionMask = 2147483647;
			files = (
				F8572C1A28B538DC005FD2FB /* Pryaniky.swift in Sources */,
				F8572C1E28B55FE5005FD2FB /* PryanikyVM.swift in Sources */,
				F8572C2028B564C0005FD2FB /* MainView.swift in Sources */,
				F8572C0928B5378A005FD2FB /* PryanikyTestApp.swift in Sources */,
			);
			runOnlyForDeploymentPostprocessing = 0;
		};
/* End PBXSourcesBuildPhase section */

/* Begin XCBuildConfiguration section */
		F8572C1128B5378C005FD2FB /* Debug */ = {
			isa = XCBuildConfiguration;
			buildSettings = {
				ALWAYS_SEARCH_USER_PATHS = NO;
				CLANG_ANALYZER_NONNULL = YES;
				CLANG_ANALYZER_NUMBER_OBJECT_CONVERSION = YES_AGGRESSIVE;
				CLANG_CXX_LANGUAGE_STANDARD = "gnu++17";
				CLANG_ENABLE_MODULES = YES;
				CLANG_ENABLE_OBJC_ARC = YES;
				CLANG_ENABLE_OBJC_WEAK = YES;
				CLANG_WARN_BLOCK_CAPTURE_AUTORELEASING = YES;
				CLANG_WARN_BOOL_CONVERSION = YES;
				CLANG_WARN_COMMA = YES;
				CLANG_WARN_CONSTANT_CONVERSION = YES;
				CLANG_WARN_DEPRECATED_OBJC_IMPLEMENTATIONS = YES;
				CLANG_WARN_DIRECT_OBJC_ISA_USAGE = YES_ERROR;
				CLANG_WARN_DOCUMENTATION_COMMENTS = YES;
				CLANG_WARN_EMPTY_BODY = YES;
				CLANG_WARN_ENUM_CONVERSION = YES;
				CLANG_WARN_INFINITE_RECURSION = YES;
				CLANG_WARN_INT_CONVERSION = YES;
				CLANG_WARN_NON_LITERAL_NULL_CONVERSION = YES;
				CLANG_WARN_OBJC_IMPLICIT_RETAIN_SELF = YES;
				CLANG_WARN_OBJC_LITERAL_CONVERSION = YES;
				CLANG_WARN_OBJC_ROOT_CLASS = YES_ERROR;
				CLANG_WARN_QUOTED_INCLUDE_IN_FRAMEWORK_HEADER = YES;
				CLANG_WARN_RANGE_LOOP_ANALYSIS = YES;
				CLANG_WARN_STRICT_PROTOTYPES = YES;
				CLANG_WARN_SUSPICIOUS_MOVE = YES;
				CLANG_WARN_UNGUARDED_AVAILABILITY = YES_AGGRESSIVE;
				CLANG_WARN_UNREACHABLE_CODE = YES;
				CLANG_WARN__DUPLICATE_METHOD_MATCH = YES;
				COPY_PHASE_STRIP = NO;
				DEBUG_INFORMATION_FORMAT = dwarf;
				ENABLE_STRICT_OBJC_MSGSEND = YES;
				ENABLE_TESTABILITY = YES;
				GCC_C_LANGUAGE_STANDARD = gnu11;
				GCC_DYNAMIC_NO_PIC = NO;
				GCC_NO_COMMON_BLOCKS = YES;
				GCC_OPTIMIZATION_LEVEL = 0;
				GCC_PREPROCESSOR_DEFINITIONS = (
					"DEBUG=1",
					"$(inherited)",
				);
				GCC_WARN_64_TO_32_BIT_CONVERSION = YES;
				GCC_WARN_ABOUT_RETURN_TYPE = YES_ERROR;
				GCC_WARN_UNDECLARED_SELECTOR = YES;
				GCC_WARN_UNINITIALIZED_AUTOS = YES_AGGRESSIVE;
				GCC_WARN_UNUSED_FUNCTION = YES;
				GCC_WARN_UNUSED_VARIABLE = YES;
				IPHONEOS_DEPLOYMENT_TARGET = 15.5;
				MTL_ENABLE_DEBUG_INFO = INCLUDE_SOURCE;
				MTL_FAST_MATH = YES;
				ONLY_ACTIVE_ARCH = YES;
				SDKROOT = iphoneos;
				SWIFT_ACTIVE_COMPILATION_CONDITIONS = DEBUG;
				SWIFT_OPTIMIZATION_LEVEL = "-Onone";
			};
			name = Debug;
		};
		F8572C1228B5378C005FD2FB /* Release */ = {
			isa = XCBuildConfiguration;
			buildSettings = {
				ALWAYS_SEARCH_USER_PATHS = NO;
				CLANG_ANALYZER_NONNULL = YES;
				CLANG_ANALYZER_NUMBER_OBJECT_CONVERSION = YES_AGGRESSIVE;
				CLANG_CXX_LANGUAGE_STANDARD = "gnu++17";
				CLANG_ENABLE_MODULES = YES;
				CLANG_ENABLE_OBJC_ARC = YES;
				CLANG_ENABLE_OBJC_WEAK = YES;
				CLANG_WARN_BLOCK_CAPTURE_AUTORELEASING = YES;
				CLANG_WARN_BOOL_CONVERSION = YES;
				CLANG_WARN_COMMA = YES;
				CLANG_WARN_CONSTANT_CONVERSION = YES;
				CLANG_WARN_DEPRECATED_OBJC_IMPLEMENTATIONS = YES;
				CLANG_WARN_DIRECT_OBJC_ISA_USAGE = YES_ERROR;
				CLANG_WARN_DOCUMENTATION_COMMENTS = YES;
				CLANG_WARN_EMPTY_BODY = YES;
				CLANG_WARN_ENUM_CONVERSION = YES;
				CLANG_WARN_INFINITE_RECURSION = YES;
				CLANG_WARN_INT_CONVERSION = YES;
				CLANG_WARN_NON_LITERAL_NULL_CONVERSION = YES;
				CLANG_WARN_OBJC_IMPLICIT_RETAIN_SELF = YES;
				CLANG_WARN_OBJC_LITERAL_CONVERSION = YES;
				CLANG_WARN_OBJC_ROOT_CLASS = YES_ERROR;
				CLANG_WARN_QUOTED_INCLUDE_IN_FRAMEWORK_HEADER = YES;
				CLANG_WARN_RANGE_LOOP_ANALYSIS = YES;
				CLANG_WARN_STRICT_PROTOTYPES = YES;
				CLANG_WARN_SUSPICIOUS_MOVE = YES;
				CLANG_WARN_UNGUARDED_AVAILABILITY = YES_AGGRESSIVE;
				CLANG_WARN_UNREACHABLE_CODE = YES;
				CLANG_WARN__DUPLICATE_METHOD_MATCH = YES;
				COPY_PHASE_STRIP = NO;
				DEBUG_INFORMATION_FORMAT = "dwarf-with-dsym";
				ENABLE_NS_ASSERTIONS = NO;
				ENABLE_STRICT_OBJC_MSGSEND = YES;
				GCC_C_LANGUAGE_STANDARD = gnu11;
				GCC_NO_COMMON_BLOCKS = YES;
				GCC_WARN_64_TO_32_BIT_CONVERSION = YES;
				GCC_WARN_ABOUT_RETURN_TYPE = YES_ERROR;
				GCC_WARN_UNDECLARED_SELECTOR = YES;
				GCC_WARN_UNINITIALIZED_AUTOS = YES_AGGRESSIVE;
				GCC_WARN_UNUSED_FUNCTION = YES;
				GCC_WARN_UNUSED_VARIABLE = YES;
				IPHONEOS_DEPLOYMENT_TARGET = 15.5;
				MTL_ENABLE_DEBUG_INFO = NO;
				MTL_FAST_MATH = YES;
				SDKROOT = iphoneos;
				SWIFT_COMPILATION_MODE = wholemodule;
				SWIFT_OPTIMIZATION_LEVEL = "-O";
				VALIDATE_PRODUCT = YES;
			};
			name = Release;
		};
		F8572C1428B5378C005FD2FB /* Debug */ = {
			isa = XCBuildConfiguration;
			buildSettings = {
				ASSETCATALOG_COMPILER_APPICON_NAME = AppIcon;
				ASSETCATALOG_COMPILER_GLOBAL_ACCENT_COLOR_NAME = AccentColor;
				CODE_SIGN_STYLE = Automatic;
				CURRENT_PROJECT_VERSION = 1;
				DEVELOPMENT_ASSET_PATHS = "\"PryanikyTest/Preview Content\"";
				DEVELOPMENT_TEAM = H5J3S6F67R;
				ENABLE_PREVIEWS = YES;
				GENERATE_INFOPLIST_FILE = YES;
				INFOPLIST_KEY_UIApplicationSceneManifest_Generation = YES;
				INFOPLIST_KEY_UIApplicationSupportsIndirectInputEvents = YES;
				INFOPLIST_KEY_UILaunchScreen_Generation = YES;
				INFOPLIST_KEY_UISupportedInterfaceOrientations_iPad = "UIInterfaceOrientationPortrait UIInterfaceOrientationPortraitUpsideDown UIInterfaceOrientationLandscapeLeft UIInterfaceOrientationLandscapeRight";
				INFOPLIST_KEY_UISupportedInterfaceOrientations_iPhone = "UIInterfaceOrientationPortrait UIInterfaceOrientationLandscapeLeft UIInterfaceOrientationLandscapeRight";
				LD_RUNPATH_SEARCH_PATHS = (
					"$(inherited)",
					"@executable_path/Frameworks",
				);
				MARKETING_VERSION = 1.0;
				PRODUCT_BUNDLE_IDENTIFIER = com.pal.artem.PryanikyTest;
				PRODUCT_NAME = "$(TARGET_NAME)";
				SWIFT_EMIT_LOC_STRINGS = YES;
				SWIFT_VERSION = 5.0;
				TARGETED_DEVICE_FAMILY = "1,2";
			};
			name = Debug;
		};
		F8572C1528B5378C005FD2FB /* Release */ = {
			isa = XCBuildConfiguration;
			buildSettings = {
				ASSETCATALOG_COMPILER_APPICON_NAME = AppIcon;
				ASSETCATALOG_COMPILER_GLOBAL_ACCENT_COLOR_NAME = AccentColor;
				CODE_SIGN_STYLE = Automatic;
				CURRENT_PROJECT_VERSION = 1;
				DEVELOPMENT_ASSET_PATHS = "\"PryanikyTest/Preview Content\"";
				DEVELOPMENT_TEAM = H5J3S6F67R;
				ENABLE_PREVIEWS = YES;
				GENERATE_INFOPLIST_FILE = YES;
				INFOPLIST_KEY_UIApplicationSceneManifest_Generation = YES;
				INFOPLIST_KEY_UIApplicationSupportsIndirectInputEvents = YES;
				INFOPLIST_KEY_UILaunchScreen_Generation = YES;
				INFOPLIST_KEY_UISupportedInterfaceOrientations_iPad = "UIInterfaceOrientationPortrait UIInterfaceOrientationPortraitUpsideDown UIInterfaceOrientationLandscapeLeft UIInterfaceOrientationLandscapeRight";
				INFOPLIST_KEY_UISupportedInterfaceOrientations_iPhone = "UIInterfaceOrientationPortrait UIInterfaceOrientationLandscapeLeft UIInterfaceOrientationLandscapeRight";
				LD_RUNPATH_SEARCH_PATHS = (
					"$(inherited)",
					"@executable_path/Frameworks",
				);
				MARKETING_VERSION = 1.0;
				PRODUCT_BUNDLE_IDENTIFIER = com.pal.artem.PryanikyTest;
				PRODUCT_NAME = "$(TARGET_NAME)";
				SWIFT_EMIT_LOC_STRINGS = YES;
				SWIFT_VERSION = 5.0;
				TARGETED_DEVICE_FAMILY = "1,2";
			};
			name = Release;
		};
/* End XCBuildConfiguration section */

/* Begin XCConfigurationList section */
		F8572C0028B5378A005FD2FB /* Build configuration list for PBXProject "PryanikyTest" */ = {
			isa = XCConfigurationList;
			buildConfigurations = (
				F8572C1128B5378C005FD2FB /* Debug */,
				F8572C1228B5378C005FD2FB /* Release */,
			);
			defaultConfigurationIsVisible = 0;
			defaultConfigurationName = Release;
		};
		F8572C1328B5378C005FD2FB /* Build configuration list for PBXNativeTarget "PryanikyTest" */ = {
			isa = XCConfigurationList;
			buildConfigurations = (
				F8572C1428B5378C005FD2FB /* Debug */,
				F8572C1528B5378C005FD2FB /* Release */,
			);
			defaultConfigurationIsVisible = 0;
			defaultConfigurationName = Release;
		};
/* End XCConfigurationList section */
	};
	rootObject = F8572BFD28B5378A005FD2FB /* Project object */;
}
